
Microsoft Visual Studio Solution File, Format Version 12.00
# Visual Studio Version 17
VisualStudioVersion = 17.9.34723.18
MinimumVisualStudioVersion = 10.0.40219.1
Project("{FAE04EC0-301F-11D3-BF4B-00C04F79EFBC}") = "MvcCoreAWSPostgresEC2", "MvcCoreAWSPostgresEC2\MvcCoreAWSPostgresEC2.csproj", "{4CD351E8-7FC8-44BC-95A6-E856B89764CE}"
EndProject
Global
	GlobalSection(SolutionConfigurationPlatforms) = preSolution
		Debug|Any CPU = Debug|Any CPU
		Release|Any CPU = Release|Any CPU
	EndGlobalSection
	GlobalSection(ProjectConfigurationPlatforms) = postSolution
		{4CD351E8-7FC8-44BC-95A6-E856B89764CE}.Debug|Any CPU.ActiveCfg = Debug|Any CPU
		{4CD351E8-7FC8-44BC-95A6-E856B89764CE}.Debug|Any CPU.Build.0 = Debug|Any CPU
		{4CD351E8-7FC8-44BC-95A6-E856B89764CE}.Release|Any CPU.ActiveCfg = Release|Any CPU
		{4CD351E8-7FC8-44BC-95A6-E856B89764CE}.Release|Any CPU.Build.0 = Release|Any CPU
	EndGlobalSection
	GlobalSection(SolutionProperties) = preSolution
		HideSolutionNode = FALSE
	EndGlobalSection
	GlobalSection(ExtensibilityGlobals) = postSolution
		SolutionGuid = {C845D49A-CC5F-4730-974A-A8E498DD1A0F}
	EndGlobalSection
EndGlobal
